
Microsoft Visual Studio Solution File, Format Version 12.00
# Visual Studio Version 17
VisualStudioVersion = 17.4.33122.133
MinimumVisualStudioVersion = 10.0.40219.1
Project("{FAE04EC0-301F-11D3-BF4B-00C04F79EFBC}") = "BL", "BL\BL.csproj", "{5E9B18EB-2B58-49AD-B6AE-5B2DB1B82B6E}"
EndProject
Project("{FAE04EC0-301F-11D3-BF4B-00C04F79EFBC}") = "Agasys", "PL\Agasys.csproj", "{555ABE48-AEDF-4946-B28B-8B9571DE199A}"
EndProject
Project("{FAE04EC0-301F-11D3-BF4B-00C04F79EFBC}") = "Agay", "Agay\Agay.csproj", "{6225B731-1C42-49CD-B897-DA2AC8CB5812}"
EndProject
Global
	GlobalSection(SolutionConfigurationPlatforms) = preSolution
		Debug|Any CPU = Debug|Any CPU
		Release|Any CPU = Release|Any CPU
	EndGlobalSection
	GlobalSection(ProjectConfigurationPlatforms) = postSolution
		{5E9B18EB-2B58-49AD-B6AE-5B2DB1B82B6E}.Debug|Any CPU.ActiveCfg = Debug|Any CPU
		{5E9B18EB-2B58-49AD-B6AE-5B2DB1B82B6E}.Debug|Any CPU.Build.0 = Debug|Any CPU
		{5E9B18EB-2B58-49AD-B6AE-5B2DB1B82B6E}.Release|Any CPU.ActiveCfg = Release|Any CPU
		{5E9B18EB-2B58-49AD-B6AE-5B2DB1B82B6E}.Release|Any CPU.Build.0 = Release|Any CPU
		{555ABE48-AEDF-4946-B28B-8B9571DE199A}.Debug|Any CPU.ActiveCfg = Debug|Any CPU
		{555ABE48-AEDF-4946-B28B-8B9571DE199A}.Debug|Any CPU.Build.0 = Debug|Any CPU
		{555ABE48-AEDF-4946-B28B-8B9571DE199A}.Release|Any CPU.ActiveCfg = Release|Any CPU
		{555ABE48-AEDF-4946-B28B-8B9571DE199A}.Release|Any CPU.Build.0 = Release|Any CPU
		{6225B731-1C42-49CD-B897-DA2AC8CB5812}.Debug|Any CPU.ActiveCfg = Debug|Any CPU
		{6225B731-1C42-49CD-B897-DA2AC8CB5812}.Debug|Any CPU.Build.0 = Debug|Any CPU
		{6225B731-1C42-49CD-B897-DA2AC8CB5812}.Release|Any CPU.ActiveCfg = Release|Any CPU
		{6225B731-1C42-49CD-B897-DA2AC8CB5812}.Release|Any CPU.Build.0 = Release|Any CPU
	EndGlobalSection
	GlobalSection(SolutionProperties) = preSolution
		HideSolutionNode = FALSE
	EndGlobalSection
	GlobalSection(ExtensibilityGlobals) = postSolution
		SolutionGuid = {2CF30502-A160-4BD5-8C3E-56EEF4A687F0}
	EndGlobalSection
EndGlobal
